// !$*UTF8*$!
{
	archiveVersion = 1;
	classes = {
	};
	objectVersion = 50;
	objects = {

/* Begin PBXBuildFile section */
		1C47FDF825E099220085F640 /* AppDelegate.swift in Sources */ = {isa = PBXBuildFile; fileRef = 1C47FDF725E099220085F640 /* AppDelegate.swift */; };
		1C47FDFA25E099220085F640 /* SceneDelegate.swift in Sources */ = {isa = PBXBuildFile; fileRef = 1C47FDF925E099220085F640 /* SceneDelegate.swift */; };
		1C47FDFC25E099220085F640 /* ViewController.swift in Sources */ = {isa = PBXBuildFile; fileRef = 1C47FDFB25E099220085F640 /* ViewController.swift */; };
		1C47FDFF25E099220085F640 /* Main.storyboard in Resources */ = {isa = PBXBuildFile; fileRef = 1C47FDFD25E099220085F640 /* Main.storyboard */; };
		1C47FE0125E099260085F640 /* Assets.xcassets in Resources */ = {isa = PBXBuildFile; fileRef = 1C47FE0025E099260085F640 /* Assets.xcassets */; };
		1C47FE0425E099260085F640 /* LaunchScreen.storyboard in Resources */ = {isa = PBXBuildFile; fileRef = 1C47FE0225E099260085F640 /* LaunchScreen.storyboard */; };
		1C47FE0F25E099260085F640 /* test2Tests.swift in Sources */ = {isa = PBXBuildFile; fileRef = 1C47FE0E25E099260085F640 /* test2Tests.swift */; };
		1C47FE1A25E099260085F640 /* test2UITests.swift in Sources */ = {isa = PBXBuildFile; fileRef = 1C47FE1925E099260085F640 /* test2UITests.swift */; };
/* End PBXBuildFile section */

/* Begin PBXContainerItemProxy section */
		1C47FE0B25E099260085F640 /* PBXContainerItemProxy */ = {
			isa = PBXContainerItemProxy;
			containerPortal = 1C47FDEC25E099220085F640 /* Project object */;
			proxyType = 1;
			remoteGlobalIDString = 1C47FDF325E099220085F640;
			remoteInfo = test2;
		};
		1C47FE1625E099260085F640 /* PBXContainerItemProxy */ = {
			isa = PBXContainerItemProxy;
			containerPortal = 1C47FDEC25E099220085F640 /* Project object */;
			proxyType = 1;
			remoteGlobalIDString = 1C47FDF325E099220085F640;
			remoteInfo = test2;
		};
/* End PBXContainerItemProxy section */

/* Begin PBXFileReference section */
		1C47FDF425E099220085F640 /* test2.app */ = {isa = PBXFileReference; explicitFileType = wrapper.application; includeInIndex = 0; path = test2.app; sourceTree = BUILT_PRODUCTS_DIR; };
		1C47FDF725E099220085F640 /* AppDelegate.swift */ = {isa = PBXFileReference; lastKnownFileType = sourcecode.swift; path = AppDelegate.swift; sourceTree = "<group>"; };
		1C47FDF925E099220085F640 /* SceneDelegate.swift */ = {isa = PBXFileReference; lastKnownFileType = sourcecode.swift; path = SceneDelegate.swift; sourceTree = "<group>"; };
		1C47FDFB25E099220085F640 /* ViewController.swift */ = {isa = PBXFileReference; lastKnownFileType = sourcecode.swift; path = ViewController.swift; sourceTree = "<group>"; };
		1C47FDFE25E099220085F640 /* Base */ = {isa = PBXFileReference; lastKnownFileType = file.storyboard; name = Base; path = Base.lproj/Main.storyboard; sourceTree = "<group>"; };
		1C47FE0025E099260085F640 /* Assets.xcassets */ = {isa = PBXFileReference; lastKnownFileType = folder.assetcatalog; path = Assets.xcassets; sourceTree = "<group>"; };
		1C47FE0325E099260085F640 /* Base */ = {isa = PBXFileReference; lastKnownFileType = file.storyboard; name = Base; path = Base.lproj/LaunchScreen.storyboard; sourceTree = "<group>"; };
		1C47FE0525E099260085F640 /* Info.plist */ = {isa = PBXFileReference; lastKnownFileType = text.plist.xml; path = Info.plist; sourceTree = "<group>"; };
		1C47FE0A25E099260085F640 /* test2Tests.xctest */ = {isa = PBXFileReference; explicitFileType = wrapper.cfbundle; includeInIndex = 0; path = test2Tests.xctest; sourceTree = BUILT_PRODUCTS_DIR; };
		1C47FE0E25E099260085F640 /* test2Tests.swift */ = {isa = PBXFileReference; lastKnownFileType = sourcecode.swift; path = test2Tests.swift; sourceTree = "<group>"; };
		1C47FE1025E099260085F640 /* Info.plist */ = {isa = PBXFileReference; lastKnownFileType = text.plist.xml; path = Info.plist; sourceTree = "<group>"; };
		1C47FE1525E099260085F640 /* test2UITests.xctest */ = {isa = PBXFileReference; explicitFileType = wrapper.cfbundle; includeInIndex = 0; path = test2UITests.xctest; sourceTree = BUILT_PRODUCTS_DIR; };
		1C47FE1925E099260085F640 /* test2UITests.swift */ = {isa = PBXFileReference; lastKnownFileType = sourcecode.swift; path = test2UITests.swift; sourceTree = "<group>"; };
		1C47FE1B25E099260085F640 /* Info.plist */ = {isa = PBXFileReference; lastKnownFileType = text.plist.xml; path = Info.plist; sourceTree = "<group>"; };
/* End PBXFileReference section */

/* Begin PBXFrameworksBuildPhase section */
		1C47FDF125E099220085F640 /* Frameworks */ = {
			isa = PBXFrameworksBuildPhase;
			buildActionMask = 2147483647;
			files = (
			);
			runOnlyForDeploymentPostprocessing = 0;
		};
		1C47FE0725E099260085F640 /* Frameworks */ = {
			isa = PBXFrameworksBuildPhase;
			buildActionMask = 2147483647;
			files = (
			);
			runOnlyForDeploymentPostprocessing = 0;
		};
		1C47FE1225E099260085F640 /* Frameworks */ = {
			isa = PBXFrameworksBuildPhase;
			buildActionMask = 2147483647;
			files = (
			);
			runOnlyForDeploymentPostprocessing = 0;
		};
/* End PBXFrameworksBuildPhase section */

/* Begin PBXGroup section */
		1C47FDEB25E099220085F640 = {
			isa = PBXGroup;
			children = (
				1C47FDF625E099220085F640 /* test2 */,
				1C47FE0D25E099260085F640 /* test2Tests */,
				1C47FE1825E099260085F640 /* test2UITests */,
				1C47FDF525E099220085F640 /* Products */,
			);
			sourceTree = "<group>";
		};
		1C47FDF525E099220085F640 /* Products */ = {
			isa = PBXGroup;
			children = (
				1C47FDF425E099220085F640 /* test2.app */,
				1C47FE0A25E099260085F640 /* test2Tests.xctest */,
				1C47FE1525E099260085F640 /* test2UITests.xctest */,
			);
			name = Products;
			sourceTree = "<group>";
		};
		1C47FDF625E099220085F640 /* test2 */ = {
			isa = PBXGroup;
			children = (
				1C47FDF725E099220085F640 /* AppDelegate.swift */,
				1C47FDF925E099220085F640 /* SceneDelegate.swift */,
				1C47FDFB25E099220085F640 /* ViewController.swift */,
				1C47FDFD25E099220085F640 /* Main.storyboard */,
				1C47FE0025E099260085F640 /* Assets.xcassets */,
				1C47FE0225E099260085F640 /* LaunchScreen.storyboard */,
				1C47FE0525E099260085F640 /* Info.plist */,
			);
			path = test2;
			sourceTree = "<group>";
		};
		1C47FE0D25E099260085F640 /* test2Tests */ = {
			isa = PBXGroup;
			children = (
				1C47FE0E25E099260085F640 /* test2Tests.swift */,
				1C47FE1025E099260085F640 /* Info.plist */,
			);
			path = test2Tests;
			sourceTree = "<group>";
		};
		1C47FE1825E099260085F640 /* test2UITests */ = {
			isa = PBXGroup;
			children = (
				1C47FE1925E099260085F640 /* test2UITests.swift */,
				1C47FE1B25E099260085F640 /* Info.plist */,
			);
			path = test2UITests;
			sourceTree = "<group>";
		};
/* End PBXGroup section */

/* Begin PBXNativeTarget section */
		1C47FDF325E099220085F640 /* test2 */ = {
			isa = PBXNativeTarget;
			buildConfigurationList = 1C47FE1E25E099260085F640 /* Build configuration list for PBXNativeTarget "test2" */;
			buildPhases = (
				1C47FDF025E099220085F640 /* Sources */,
				1C47FDF125E099220085F640 /* Frameworks */,
				1C47FDF225E099220085F640 /* Resources */,
			);
			buildRules = (
			);
			dependencies = (
			);
			name = test2;
			productName = test2;
			productReference = 1C47FDF425E099220085F640 /* test2.app */;
			productType = "com.apple.product-type.application";
		};
		1C47FE0925E099260085F640 /* test2Tests */ = {
			isa = PBXNativeTarget;
			buildConfigurationList = 1C47FE2125E099260085F640 /* Build configuration list for PBXNativeTarget "test2Tests" */;
			buildPhases = (
				1C47FE0625E099260085F640 /* Sources */,
				1C47FE0725E099260085F640 /* Frameworks */,
				1C47FE0825E099260085F640 /* Resources */,
			);
			buildRules = (
			);
			dependencies = (
				1C47FE0C25E099260085F640 /* PBXTargetDependency */,
			);
			name = test2Tests;
			productName = test2Tests;
			productReference = 1C47FE0A25E099260085F640 /* test2Tests.xctest */;
			productType = "com.apple.product-type.bundle.unit-test";
		};
		1C47FE1425E099260085F640 /* test2UITests */ = {
			isa = PBXNativeTarget;
			buildConfigurationList = 1C47FE2425E099260085F640 /* Build configuration list for PBXNativeTarget "test2UITests" */;
			buildPhases = (
				1C47FE1125E099260085F640 /* Sources */,
				1C47FE1225E099260085F640 /* Frameworks */,
				1C47FE1325E099260085F640 /* Resources */,
			);
			buildRules = (
			);
			dependencies = (
				1C47FE1725E099260085F640 /* PBXTargetDependency */,
			);
			name = test2UITests;
			productName = test2UITests;
			productReference = 1C47FE1525E099260085F640 /* test2UITests.xctest */;
			productType = "com.apple.product-type.bundle.ui-testing";
		};
/* End PBXNativeTarget section */

/* Begin PBXProject section */
		1C47FDEC25E099220085F640 /* Project object */ = {
			isa = PBXProject;
			attributes = {
				LastSwiftUpdateCheck = 1230;
				LastUpgradeCheck = 1230;
				TargetAttributes = {
					1C47FDF325E099220085F640 = {
						CreatedOnToolsVersion = 12.3;
					};
					1C47FE0925E099260085F640 = {
						CreatedOnToolsVersion = 12.3;
						TestTargetID = 1C47FDF325E099220085F640;
					};
					1C47FE1425E099260085F640 = {
						CreatedOnToolsVersion = 12.3;
						TestTargetID = 1C47FDF325E099220085F640;
					};
				};
			};
			buildConfigurationList = 1C47FDEF25E099220085F640 /* Build configuration list for PBXProject "test2" */;
			compatibilityVersion = "Xcode 9.3";
			developmentRegion = en;
			hasScannedForEncodings = 0;
			knownRegions = (
				en,
				Base,
			);
			mainGroup = 1C47FDEB25E099220085F640;
			productRefGroup = 1C47FDF525E099220085F640 /* Products */;
			projectDirPath = "";
			projectRoot = "";
			targets = (
				1C47FDF325E099220085F640 /* test2 */,
				1C47FE0925E099260085F640 /* test2Tests */,
				1C47FE1425E099260085F640 /* test2UITests */,
			);
		};
/* End PBXProject section */

/* Begin PBXResourcesBuildPhase section */
		1C47FDF225E099220085F640 /* Resources */ = {
			isa = PBXResourcesBuildPhase;
			buildActionMask = 2147483647;
			files = (
				1C47FE0425E099260085F640 /* LaunchScreen.storyboard in Resources */,
				1C47FE0125E099260085F640 /* Assets.xcassets in Resources */,
				1C47FDFF25E099220085F640 /* Main.storyboard in Resources */,
			);
			runOnlyForDeploymentPostprocessing = 0;
		};
		1C47FE0825E099260085F640 /* Resources */ = {
			isa = PBXResourcesBuildPhase;
			buildActionMask = 2147483647;
			files = (
			);
			runOnlyForDeploymentPostprocessing = 0;
		};
		1C47FE1325E099260085F640 /* Resources */ = {
			isa = PBXResourcesBuildPhase;
			buildActionMask = 2147483647;
			files = (
			);
			runOnlyForDeploymentPostprocessing = 0;
		};
/* End PBXResourcesBuildPhase section */

/* Begin PBXSourcesBuildPhase section */
		1C47FDF025E099220085F640 /* Sources */ = {
			isa = PBXSourcesBuildPhase;
			buildActionMask = 2147483647;
			files = (
				1C47FDFC25E099220085F640 /* ViewController.swift in Sources */,
				1C47FDF825E099220085F640 /* AppDelegate.swift in Sources */,
				1C47FDFA25E099220085F640 /* SceneDelegate.swift in Sources */,
			);
			runOnlyForDeploymentPostprocessing = 0;
		};
		1C47FE0625E099260085F640 /* Sources */ = {
			isa = PBXSourcesBuildPhase;
			buildActionMask = 2147483647;
			files = (
				1C47FE0F25E099260085F640 /* test2Tests.swift in Sources */,
			);
			runOnlyForDeploymentPostprocessing = 0;
		};
		1C47FE1125E099260085F640 /* Sources */ = {
			isa = PBXSourcesBuildPhase;
			buildActionMask = 2147483647;
			files = (
				1C47FE1A25E099260085F640 /* test2UITests.swift in Sources */,
			);
			runOnlyForDeploymentPostprocessing = 0;
		};
/* End PBXSourcesBuildPhase section */

/* Begin PBXTargetDependency section */
		1C47FE0C25E099260085F640 /* PBXTargetDependency */ = {
			isa = PBXTargetDependency;
			target = 1C47FDF325E099220085F640 /* test2 */;
			targetProxy = 1C47FE0B25E099260085F640 /* PBXContainerItemProxy */;
		};
		1C47FE1725E099260085F640 /* PBXTargetDependency */ = {
			isa = PBXTargetDependency;
			target = 1C47FDF325E099220085F640 /* test2 */;
			targetProxy = 1C47FE1625E099260085F640 /* PBXContainerItemProxy */;
		};
/* End PBXTargetDependency section */

/* Begin PBXVariantGroup section */
		1C47FDFD25E099220085F640 /* Main.storyboard */ = {
			isa = PBXVariantGroup;
			children = (
				1C47FDFE25E099220085F640 /* Base */,
			);
			name = Main.storyboard;
			sourceTree = "<group>";
		};
		1C47FE0225E099260085F640 /* LaunchScreen.storyboard */ = {
			isa = PBXVariantGroup;
			children = (
				1C47FE0325E099260085F640 /* Base */,
			);
			name = LaunchScreen.storyboard;
			sourceTree = "<group>";
		};
/* End PBXVariantGroup section */

/* Begin XCBuildConfiguration section */
		1C47FE1C25E099260085F640 /* Debug */ = {
			isa = XCBuildConfiguration;
			buildSettings = {
				ALWAYS_SEARCH_USER_PATHS = NO;
				CLANG_ANALYZER_NONNULL = YES;
				CLANG_ANALYZER_NUMBER_OBJECT_CONVERSION = YES_AGGRESSIVE;
				CLANG_CXX_LANGUAGE_STANDARD = "gnu++14";
				CLANG_CXX_LIBRARY = "libc++";
				CLANG_ENABLE_MODULES = YES;
				CLANG_ENABLE_OBJC_ARC = YES;
				CLANG_ENABLE_OBJC_WEAK = YES;
				CLANG_WARN_BLOCK_CAPTURE_AUTORELEASING = YES;
				CLANG_WARN_BOOL_CONVERSION = YES;
				CLANG_WARN_COMMA = YES;
				CLANG_WARN_CONSTANT_CONVERSION = YES;
				CLANG_WARN_DEPRECATED_OBJC_IMPLEMENTATIONS = YES;
				CLANG_WARN_DIRECT_OBJC_ISA_USAGE = YES_ERROR;
				CLANG_WARN_DOCUMENTATION_COMMENTS = YES;
				CLANG_WARN_EMPTY_BODY = YES;
				CLANG_WARN_ENUM_CONVERSION = YES;
				CLANG_WARN_INFINITE_RECURSION = YES;
				CLANG_WARN_INT_CONVERSION = YES;
				CLANG_WARN_NON_LITERAL_NULL_CONVERSION = YES;
				CLANG_WARN_OBJC_IMPLICIT_RETAIN_SELF = YES;
				CLANG_WARN_OBJC_LITERAL_CONVERSION = YES;
				CLANG_WARN_OBJC_ROOT_CLASS = YES_ERROR;
				CLANG_WARN_QUOTED_INCLUDE_IN_FRAMEWORK_HEADER = YES;
				CLANG_WARN_RANGE_LOOP_ANALYSIS = YES;
				CLANG_WARN_STRICT_PROTOTYPES = YES;
				CLANG_WARN_SUSPICIOUS_MOVE = YES;
				CLANG_WARN_UNGUARDED_AVAILABILITY = YES_AGGRESSIVE;
				CLANG_WARN_UNREACHABLE_CODE = YES;
				CLANG_WARN__DUPLICATE_METHOD_MATCH = YES;
				COPY_PHASE_STRIP = NO;
				DEBUG_INFORMATION_FORMAT = dwarf;
				ENABLE_STRICT_OBJC_MSGSEND = YES;
				ENABLE_TESTABILITY = YES;
				GCC_C_LANGUAGE_STANDARD = gnu11;
				GCC_DYNAMIC_NO_PIC = NO;
				GCC_NO_COMMON_BLOCKS = YES;
				GCC_OPTIMIZATION_LEVEL = 0;
				GCC_PREPROCESSOR_DEFINITIONS = (
					"DEBUG=1",
					"$(inherited)",
				);
				GCC_WARN_64_TO_32_BIT_CONVERSION = YES;
				GCC_WARN_ABOUT_RETURN_TYPE = YES_ERROR;
				GCC_WARN_UNDECLARED_SELECTOR = YES;
				GCC_WARN_UNINITIALIZED_AUTOS = YES_AGGRESSIVE;
				GCC_WARN_UNUSED_FUNCTION = YES;
				GCC_WARN_UNUSED_VARIABLE = YES;
				IPHONEOS_DEPLOYMENT_TARGET = 14.3;
				MTL_ENABLE_DEBUG_INFO = INCLUDE_SOURCE;
				MTL_FAST_MATH = YES;
				ONLY_ACTIVE_ARCH = YES;
				SDKROOT = iphoneos;
				SWIFT_ACTIVE_COMPILATION_CONDITIONS = DEBUG;
				SWIFT_OPTIMIZATION_LEVEL = "-Onone";
			};
			name = Debug;
		};
		1C47FE1D25E099260085F640 /* Release */ = {
			isa = XCBuildConfiguration;
			buildSettings = {
				ALWAYS_SEARCH_USER_PATHS = NO;
				CLANG_ANALYZER_NONNULL = YES;
				CLANG_ANALYZER_NUMBER_OBJECT_CONVERSION = YES_AGGRESSIVE;
				CLANG_CXX_LANGUAGE_STANDARD = "gnu++14";
				CLANG_CXX_LIBRARY = "libc++";
				CLANG_ENABLE_MODULES = YES;
				CLANG_ENABLE_OBJC_ARC = YES;
				CLANG_ENABLE_OBJC_WEAK = YES;
				CLANG_WARN_BLOCK_CAPTURE_AUTORELEASING = YES;
				CLANG_WARN_BOOL_CONVERSION = YES;
				CLANG_WARN_COMMA = YES;
				CLANG_WARN_CONSTANT_CONVERSION = YES;
				CLANG_WARN_DEPRECATED_OBJC_IMPLEMENTATIONS = YES;
				CLANG_WARN_DIRECT_OBJC_ISA_USAGE = YES_ERROR;
				CLANG_WARN_DOCUMENTATION_COMMENTS = YES;
				CLANG_WARN_EMPTY_BODY = YES;
				CLANG_WARN_ENUM_CONVERSION = YES;
				CLANG_WARN_INFINITE_RECURSION = YES;
				CLANG_WARN_INT_CONVERSION = YES;
				CLANG_WARN_NON_LITERAL_NULL_CONVERSION = YES;
				CLANG_WARN_OBJC_IMPLICIT_RETAIN_SELF = YES;
				CLANG_WARN_OBJC_LITERAL_CONVERSION = YES;
				CLANG_WARN_OBJC_ROOT_CLASS = YES_ERROR;
				CLANG_WARN_QUOTED_INCLUDE_IN_FRAMEWORK_HEADER = YES;
				CLANG_WARN_RANGE_LOOP_ANALYSIS = YES;
				CLANG_WARN_STRICT_PROTOTYPES = YES;
				CLANG_WARN_SUSPICIOUS_MOVE = YES;
				CLANG_WARN_UNGUARDED_AVAILABILITY = YES_AGGRESSIVE;
				CLANG_WARN_UNREACHABLE_CODE = YES;
				CLANG_WARN__DUPLICATE_METHOD_MATCH = YES;
				COPY_PHASE_STRIP = NO;
				DEBUG_INFORMATION_FORMAT = "dwarf-with-dsym";
				ENABLE_NS_ASSERTIONS = NO;
				ENABLE_STRICT_OBJC_MSGSEND = YES;
				GCC_C_LANGUAGE_STANDARD = gnu11;
				GCC_NO_COMMON_BLOCKS = YES;
				GCC_WARN_64_TO_32_BIT_CONVERSION = YES;
				GCC_WARN_ABOUT_RETURN_TYPE = YES_ERROR;
				GCC_WARN_UNDECLARED_SELECTOR = YES;
				GCC_WARN_UNINITIALIZED_AUTOS = YES_AGGRESSIVE;
				GCC_WARN_UNUSED_FUNCTION = YES;
				GCC_WARN_UNUSED_VARIABLE = YES;
				IPHONEOS_DEPLOYMENT_TARGET = 14.3;
				MTL_ENABLE_DEBUG_INFO = NO;
				MTL_FAST_MATH = YES;
				SDKROOT = iphoneos;
				SWIFT_COMPILATION_MODE = wholemodule;
				SWIFT_OPTIMIZATION_LEVEL = "-O";
				VALIDATE_PRODUCT = YES;
			};
			name = Release;
		};
		1C47FE1F25E099260085F640 /* Debug */ = {
			isa = XCBuildConfiguration;
			buildSettings = {
				ASSETCATALOG_COMPILER_APPICON_NAME = AppIcon;
				ASSETCATALOG_COMPILER_GLOBAL_ACCENT_COLOR_NAME = AccentColor;
				CODE_SIGN_STYLE = Automatic;
				DEVELOPMENT_TEAM = LPWBYTK53N;
				INFOPLIST_FILE = test2/Info.plist;
				LD_RUNPATH_SEARCH_PATHS = (
					"$(inherited)",
					"@executable_path/Frameworks",
				);
				PRODUCT_BUNDLE_IDENTIFIER = "Kanyanee-Promma.test2";
				PRODUCT_NAME = "$(TARGET_NAME)";
				SWIFT_VERSION = 5.0;
				TARGETED_DEVICE_FAMILY = "1,2";
			};
			name = Debug;
		};
		1C47FE2025E099260085F640 /* Release */ = {
			isa = XCBuildConfiguration;
			buildSettings = {
				ASSETCATALOG_COMPILER_APPICON_NAME = AppIcon;
				ASSETCATALOG_COMPILER_GLOBAL_ACCENT_COLOR_NAME = AccentColor;
				CODE_SIGN_STYLE = Automatic;
				DEVELOPMENT_TEAM = LPWBYTK53N;
				INFOPLIST_FILE = test2/Info.plist;
				LD_RUNPATH_SEARCH_PATHS = (
					"$(inherited)",
					"@executable_path/Frameworks",
				);
				PRODUCT_BUNDLE_IDENTIFIER = "Kanyanee-Promma.test2";
				PRODUCT_NAME = "$(TARGET_NAME)";
				SWIFT_VERSION = 5.0;
				TARGETED_DEVICE_FAMILY = "1,2";
			};
			name = Release;
		};
		1C47FE2225E099260085F640 /* Debug */ = {
			isa = XCBuildConfiguration;
			buildSettings = {
				ALWAYS_EMBED_SWIFT_STANDARD_LIBRARIES = YES;
				BUNDLE_LOADER = "$(TEST_HOST)";
				CODE_SIGN_STYLE = Automatic;
				DEVELOPMENT_TEAM = LPWBYTK53N;
				INFOPLIST_FILE = test2Tests/Info.plist;
				IPHONEOS_DEPLOYMENT_TARGET = 14.3;
				LD_RUNPATH_SEARCH_PATHS = (
					"$(inherited)",
					"@executable_path/Frameworks",
					"@loader_path/Frameworks",
				);
				PRODUCT_BUNDLE_IDENTIFIER = "Kanyanee-Promma.test2Tests";
				PRODUCT_NAME = "$(TARGET_NAME)";
				SWIFT_VERSION = 5.0;
				TARGETED_DEVICE_FAMILY = "1,2";
				TEST_HOST = "$(BUILT_PRODUCTS_DIR)/test2.app/test2";
			};
			name = Debug;
		};
		1C47FE2325E099260085F640 /* Release */ = {
			isa = XCBuildConfiguration;
			buildSettings = {
				ALWAYS_EMBED_SWIFT_STANDARD_LIBRARIES = YES;
				BUNDLE_LOADER = "$(TEST_HOST)";
				CODE_SIGN_STYLE = Automatic;
				DEVELOPMENT_TEAM = LPWBYTK53N;
				INFOPLIST_FILE = test2Tests/Info.plist;
				IPHONEOS_DEPLOYMENT_TARGET = 14.3;
				LD_RUNPATH_SEARCH_PATHS = (
					"$(inherited)",
					"@executable_path/Frameworks",
					"@loader_path/Frameworks",
				);
				PRODUCT_BUNDLE_IDENTIFIER = "Kanyanee-Promma.test2Tests";
				PRODUCT_NAME = "$(TARGET_NAME)";
				SWIFT_VERSION = 5.0;
				TARGETED_DEVICE_FAMILY = "1,2";
				TEST_HOST = "$(BUILT_PRODUCTS_DIR)/test2.app/test2";
			};
			name = Release;
		};
		1C47FE2525E099260085F640 /* Debug */ = {
			isa = XCBuildConfiguration;
			buildSettings = {
				ALWAYS_EMBED_SWIFT_STANDARD_LIBRARIES = YES;
				CODE_SIGN_STYLE = Automatic;
				DEVELOPMENT_TEAM = LPWBYTK53N;
				INFOPLIST_FILE = test2UITests/Info.plist;
				LD_RUNPATH_SEARCH_PATHS = (
					"$(inherited)",
					"@executable_path/Frameworks",
					"@loader_path/Frameworks",
				);
				PRODUCT_BUNDLE_IDENTIFIER = "Kanyanee-Promma.test2UITests";
				PRODUCT_NAME = "$(TARGET_NAME)";
				SWIFT_VERSION = 5.0;
				TARGETED_DEVICE_FAMILY = "1,2";
				TEST_TARGET_NAME = test2;
			};
			name = Debug;
		};
		1C47FE2625E099260085F640 /* Release */ = {
			isa = XCBuildConfiguration;
			buildSettings = {
				ALWAYS_EMBED_SWIFT_STANDARD_LIBRARIES = YES;
				CODE_SIGN_STYLE = Automatic;
				DEVELOPMENT_TEAM = LPWBYTK53N;
				INFOPLIST_FILE = test2UITests/Info.plist;
				LD_RUNPATH_SEARCH_PATHS = (
					"$(inherited)",
					"@executable_path/Frameworks",
					"@loader_path/Frameworks",
				);
				PRODUCT_BUNDLE_IDENTIFIER = "Kanyanee-Promma.test2UITests";
				PRODUCT_NAME = "$(TARGET_NAME)";
				SWIFT_VERSION = 5.0;
				TARGETED_DEVICE_FAMILY = "1,2";
				TEST_TARGET_NAME = test2;
			};
			name = Release;
		};
/* End XCBuildConfiguration section */

/* Begin XCConfigurationList section */
		1C47FDEF25E099220085F640 /* Build configuration list for PBXProject "test2" */ = {
			isa = XCConfigurationList;
			buildConfigurations = (
				1C47FE1C25E099260085F640 /* Debug */,
				1C47FE1D25E099260085F640 /* Release */,
			);
			defaultConfigurationIsVisible = 0;
			defaultConfigurationName = Release;
		};
		1C47FE1E25E099260085F640 /* Build configuration list for PBXNativeTarget "test2" */ = {
			isa = XCConfigurationList;
			buildConfigurations = (
				1C47FE1F25E099260085F640 /* Debug */,
				1C47FE2025E099260085F640 /* Release */,
			);
			defaultConfigurationIsVisible = 0;
			defaultConfigurationName = Release;
		};
		1C47FE2125E099260085F640 /* Build configuration list for PBXNativeTarget "test2Tests" */ = {
			isa = XCConfigurationList;
			buildConfigurations = (
				1C47FE2225E099260085F640 /* Debug */,
				1C47FE2325E099260085F640 /* Release */,
			);
			defaultConfigurationIsVisible = 0;
			defaultConfigurationName = Release;
		};
		1C47FE2425E099260085F640 /* Build configuration list for PBXNativeTarget "test2UITests" */ = {
			isa = XCConfigurationList;
			buildConfigurations = (
				1C47FE2525E099260085F640 /* Debug */,
				1C47FE2625E099260085F640 /* Release */,
			);
			defaultConfigurationIsVisible = 0;
			defaultConfigurationName = Release;
		};
/* End XCConfigurationList section */
	};
	rootObject = 1C47FDEC25E099220085F640 /* Project object */;
}
